
Microsoft Visual Studio Solution File, Format Version 12.00
# Visual Studio Version 16
VisualStudioVersion = 16.0.31313.79
MinimumVisualStudioVersion = 10.0.40219.1
Project("{FAE04EC0-301F-11D3-BF4B-00C04F79EFBC}") = "MinimumTrianglePaths", "MinimumTrianglePaths\MinimumTrianglePaths.csproj", "{5586DFA3-009D-49D8-8F06-B26DF0BF223D}"
EndProject
Global
	GlobalSection(SolutionConfigurationPlatforms) = preSolution
		Debug|Any CPU = Debug|Any CPU
		Release|Any CPU = Release|Any CPU
	EndGlobalSection
	GlobalSection(ProjectConfigurationPlatforms) = postSolution
		{5586DFA3-009D-49D8-8F06-B26DF0BF223D}.Debug|Any CPU.ActiveCfg = Debug|Any CPU
		{5586DFA3-009D-49D8-8F06-B26DF0BF223D}.Debug|Any CPU.Build.0 = Debug|Any CPU
		{5586DFA3-009D-49D8-8F06-B26DF0BF223D}.Release|Any CPU.ActiveCfg = Release|Any CPU
		{5586DFA3-009D-49D8-8F06-B26DF0BF223D}.Release|Any CPU.Build.0 = Release|Any CPU
	EndGlobalSection
	GlobalSection(SolutionProperties) = preSolution
		HideSolutionNode = FALSE
	EndGlobalSection
	GlobalSection(ExtensibilityGlobals) = postSolution
		SolutionGuid = {E270B744-6032-4CA7-8D22-EF7B8BC4A0E9}
	EndGlobalSection
EndGlobal
